<?xml version="1.0" encoding="utf-8"?>
<Project ToolsVersion="4.0" xmlns="http://schemas.microsoft.com/developer/msbuild/2003">
  <ItemGroup>
    <Filter Include="Source files">
      <UniqueIdentifier>{6216867d-e45a-4722-b4b7-779261ab96b0}</UniqueIdentifier>
      <Extensions>cpp;c;cc;cxx;def;odl;idl;hpj;bat;asm;asmx</Extensions>
    </Filter>
    <Filter Include="Header files">
      <UniqueIdentifier>{17467aa9-de31-4895-8d5b-e0c9948218d5}</UniqueIdentifier>
      <Extensions>h;hpp;hxx;hm;inl;inc;xsd</Extensions>
    </Filter>
    <Filter Include="Resource files">
      <UniqueIdentifier>{379f46f7-0ff8-4180-96a8-33028b6b355d}</UniqueIdentifier>
      <Extensions>rc;ico;cur;bmp;dlg;rc2;rct;bin;rgs;gif;jpg;jpeg;jpe;resx;tiff;tif;png;wav</Extensions>
    </Filter>
    <Filter Include="VisualGDB settings">
      <UniqueIdentifier>{fa8ab87d-56f2-4ebe-892a-1a5cc8333526}</UniqueIdentifier>
      <Extensions>vgdbsettings</Extensions>
    </Filter>
  </ItemGroup>
  <ItemGroup>
    <ClCompile Include="SoapyRadioberry.cpp">
      <Filter>Source files</Filter>
    </ClCompile>
    <ClCompile Include="SoapyRadioberrySettings.cpp">
      <Filter>Source files</Filter>
    </ClCompile>
    <ClCompile Include="SoapyRadioberryStreaming.cpp">
      <Filter>Source files</Filter>
    </ClCompile>
    <ClCompile Include="i2c.cpp">
      <Filter>Source files</Filter>
    </ClCompile>
  </ItemGroup>
  <ItemGroup>
    <None Include="SoapyRadioberry-Debug.vgdbsettings">
      <Filter>VisualGDB settings</Filter>
    </None>
    <None Include="SoapyRadioberry-Release.vgdbsettings">
      <Filter>VisualGDB settings</Filter>
    </None>
  </ItemGroup>
  <ItemGroup>
    <ClInclude Include="SoapyRadioberry.hpp">
      <Filter>Header files</Filter>
    </ClInclude>
    <ClInclude Include="radioberry_ioctl.h">
      <Filter>Header files</Filter>
    </ClInclude>
    <ClInclude Include="i2c.h">
      <Filter>Header files</Filter>
    </ClInclude>
  </ItemGroup>
</Project>